# THIS IS AN AUTOGENERATED FILE. DO NOT EDIT THIS FILE DIRECTLY.
# yarn lockfile v1


node-addon-api@4.0.0:
  version "4.0.0"
  resolved "https://registry.yarnpkg.com/node-addon-api/-/node-addon-api-4.0.0.tgz#ac128f43eff7fac4b5f5ef2f39d6d7c2709efead"
  integrity sha512-ALmRVBFzfwldBfk3SbKfl6+PVMXiCPKZBEfsJqB/EjXAMAI+MfFrEHR+GMRBuI162DihZ1QjEZ8ieYKuRCJ8Hg==

node-gyp-build@4.2.3:
  version "4.2.3"
  resolved "https://registry.yarnpkg.com/node-gyp-build/-/node-gyp-build-4.2.3.tgz#ce6277f853835f718829efb47db20f3e4d9c4739"
  integrity sha512-MN6ZpzmfNCRM+3t57PTJHgHyw/h4OWnZ6mR8P5j/uZtqQr46RRuDE/P+g3n0YR/AiYXeWixZZzaip77gdICfRg==
