# THIS IS AN AUTOGENERATED FILE. DO NOT EDIT THIS FILE DIRECTLY.
# yarn lockfile v1


node-addon-api@1.1.0:
  version "1.1.0"
  resolved "https://registry.yarnpkg.com/node-addon-api/-/node-addon-api-1.1.0.tgz#9f14bf703b4f5cc1bfe6bc4a30d8c8280b2d87b9"
  integrity sha512-WSGZ/xdGcyhNY2neCHS/JKQXdbOU5qZp8EGwxpEWSqOmI9+sCwO93npSH93ipa4z13+KZhGUgA5g/EAKH/F+Wg==
